
Microsoft Visual Studio Solution File, Format Version 12.00
# Visual Studio 14
VisualStudioVersion = 14.0.25420.1
MinimumVisualStudioVersion = 10.0.40219.1
Project("{FAE04EC0-301F-11D3-BF4B-00C04F79EFBC}") = "MetricsExtractor", "MetricsExtractor\MetricsExtractor.csproj", "{E67B924D-DF49-45A3-88D7-5F355BE0AFF2}"
EndProject
Global
	GlobalSection(SolutionConfigurationPlatforms) = preSolution
		Debug|ARM = Debug|ARM
		Debug|x64 = Debug|x64
		Debug|x86 = Debug|x86
		Release|ARM = Release|ARM
		Release|x64 = Release|x64
		Release|x86 = Release|x86
	EndGlobalSection
	GlobalSection(ProjectConfigurationPlatforms) = postSolution
		{E67B924D-DF49-45A3-88D7-5F355BE0AFF2}.Debug|ARM.ActiveCfg = Debug|ARM
		{E67B924D-DF49-45A3-88D7-5F355BE0AFF2}.Debug|ARM.Build.0 = Debug|ARM
		{E67B924D-DF49-45A3-88D7-5F355BE0AFF2}.Debug|ARM.Deploy.0 = Debug|ARM
		{E67B924D-DF49-45A3-88D7-5F355BE0AFF2}.Debug|x64.ActiveCfg = Debug|x64
		{E67B924D-DF49-45A3-88D7-5F355BE0AFF2}.Debug|x64.Build.0 = Debug|x64
		{E67B924D-DF49-45A3-88D7-5F355BE0AFF2}.Debug|x64.Deploy.0 = Debug|x64
		{E67B924D-DF49-45A3-88D7-5F355BE0AFF2}.Debug|x86.ActiveCfg = Debug|x86
		{E67B924D-DF49-45A3-88D7-5F355BE0AFF2}.Debug|x86.Build.0 = Debug|x86
		{E67B924D-DF49-45A3-88D7-5F355BE0AFF2}.Debug|x86.Deploy.0 = Debug|x86
		{E67B924D-DF49-45A3-88D7-5F355BE0AFF2}.Release|ARM.ActiveCfg = Release|ARM
		{E67B924D-DF49-45A3-88D7-5F355BE0AFF2}.Release|ARM.Build.0 = Release|ARM
		{E67B924D-DF49-45A3-88D7-5F355BE0AFF2}.Release|ARM.Deploy.0 = Release|ARM
		{E67B924D-DF49-45A3-88D7-5F355BE0AFF2}.Release|x64.ActiveCfg = Release|x64
		{E67B924D-DF49-45A3-88D7-5F355BE0AFF2}.Release|x64.Build.0 = Release|x64
		{E67B924D-DF49-45A3-88D7-5F355BE0AFF2}.Release|x64.Deploy.0 = Release|x64
		{E67B924D-DF49-45A3-88D7-5F355BE0AFF2}.Release|x86.ActiveCfg = Release|x86
		{E67B924D-DF49-45A3-88D7-5F355BE0AFF2}.Release|x86.Build.0 = Release|x86
		{E67B924D-DF49-45A3-88D7-5F355BE0AFF2}.Release|x86.Deploy.0 = Release|x86
	EndGlobalSection
	GlobalSection(SolutionProperties) = preSolution
		HideSolutionNode = FALSE
	EndGlobalSection
EndGlobal
